
Microsoft Visual Studio Solution File, Format Version 12.00
# Visual Studio Version 16
VisualStudioVersion = 25.0.1700.0
MinimumVisualStudioVersion = 10.0.40219.1
Project("{FAE04EC0-301F-11D3-BF4B-00C04F79EFBC}") = "Blogfa.Domain", "Blog\Blogfa.Domain\Blogfa.Domain.csproj", "{09974491-A4A5-4B41-96E6-800848C23DBE}"
EndProject
Project("{FAE04EC0-301F-11D3-BF4B-00C04F79EFBC}") = "Blogfa.Application", "Blog\Blogfa.Application\Blogfa.Application.csproj", "{7A3E24E6-F2AC-44F8-A524-9D7139E87A53}"
EndProject
Project("{FAE04EC0-301F-11D3-BF4B-00C04F79EFBC}") = "Blogfa.Infrastructure.EfCore", "Blog\Blogfa.Infrastructure.EfCore\Blogfa.Infrastructure.EfCore.csproj", "{4179E78F-0BF4-44D6-93CA-628C0A3117B0}"
EndProject
Project("{FAE04EC0-301F-11D3-BF4B-00C04F79EFBC}") = "Blogfa.Infrastructure.Configuration", "Blog\Blogfa.Infrastructure.Configuration\Blogfa.Infrastructure.Configuration.csproj", "{DC7084DF-D980-4AA1-A0F4-E4FBC965F9CB}"
EndProject
Project("{FAE04EC0-301F-11D3-BF4B-00C04F79EFBC}") = "Blogfa.Presentation.Facade", "Blog\Blogfa.Presentation.Facade\Blogfa.Presentation.Facade.csproj", "{D26F130D-61F7-4E04-A171-82D71E250628}"
EndProject
Project("{FAE04EC0-301F-11D3-BF4B-00C04F79EFBC}") = "Blogfa.Query", "Blog\Blogfa.Query\Blogfa.Query.csproj", "{432F3167-405F-41AA-AEA5-680F856ECD96}"
EndProject
Project("{2150E333-8FDC-42A3-9474-1A3956D46DE8}") = "EndPoints", "EndPoints", "{80AF9685-5C51-49B1-AD08-22BBE22C77B4}"
EndProject
Project("{FAE04EC0-301F-11D3-BF4B-00C04F79EFBC}") = "Framework", "Framework\Framework.csproj", "{B6A04160-C38F-42DC-8E1E-EC48AA92B19D}"
EndProject
Global
	GlobalSection(SolutionConfigurationPlatforms) = preSolution
		Debug|Any CPU = Debug|Any CPU
		Release|Any CPU = Release|Any CPU
	EndGlobalSection
	GlobalSection(ProjectConfigurationPlatforms) = postSolution
		{09974491-A4A5-4B41-96E6-800848C23DBE}.Debug|Any CPU.ActiveCfg = Debug|Any CPU
		{09974491-A4A5-4B41-96E6-800848C23DBE}.Debug|Any CPU.Build.0 = Debug|Any CPU
		{09974491-A4A5-4B41-96E6-800848C23DBE}.Release|Any CPU.ActiveCfg = Release|Any CPU
		{09974491-A4A5-4B41-96E6-800848C23DBE}.Release|Any CPU.Build.0 = Release|Any CPU
		{7A3E24E6-F2AC-44F8-A524-9D7139E87A53}.Debug|Any CPU.ActiveCfg = Debug|Any CPU
		{7A3E24E6-F2AC-44F8-A524-9D7139E87A53}.Debug|Any CPU.Build.0 = Debug|Any CPU
		{7A3E24E6-F2AC-44F8-A524-9D7139E87A53}.Release|Any CPU.ActiveCfg = Release|Any CPU
		{7A3E24E6-F2AC-44F8-A524-9D7139E87A53}.Release|Any CPU.Build.0 = Release|Any CPU
		{4179E78F-0BF4-44D6-93CA-628C0A3117B0}.Debug|Any CPU.ActiveCfg = Debug|Any CPU
		{4179E78F-0BF4-44D6-93CA-628C0A3117B0}.Debug|Any CPU.Build.0 = Debug|Any CPU
		{4179E78F-0BF4-44D6-93CA-628C0A3117B0}.Release|Any CPU.ActiveCfg = Release|Any CPU
		{4179E78F-0BF4-44D6-93CA-628C0A3117B0}.Release|Any CPU.Build.0 = Release|Any CPU
		{DC7084DF-D980-4AA1-A0F4-E4FBC965F9CB}.Debug|Any CPU.ActiveCfg = Debug|Any CPU
		{DC7084DF-D980-4AA1-A0F4-E4FBC965F9CB}.Debug|Any CPU.Build.0 = Debug|Any CPU
		{DC7084DF-D980-4AA1-A0F4-E4FBC965F9CB}.Release|Any CPU.ActiveCfg = Release|Any CPU
		{DC7084DF-D980-4AA1-A0F4-E4FBC965F9CB}.Release|Any CPU.Build.0 = Release|Any CPU
		{D26F130D-61F7-4E04-A171-82D71E250628}.Debug|Any CPU.ActiveCfg = Debug|Any CPU
		{D26F130D-61F7-4E04-A171-82D71E250628}.Debug|Any CPU.Build.0 = Debug|Any CPU
		{D26F130D-61F7-4E04-A171-82D71E250628}.Release|Any CPU.ActiveCfg = Release|Any CPU
		{D26F130D-61F7-4E04-A171-82D71E250628}.Release|Any CPU.Build.0 = Release|Any CPU
		{432F3167-405F-41AA-AEA5-680F856ECD96}.Debug|Any CPU.ActiveCfg = Debug|Any CPU
		{432F3167-405F-41AA-AEA5-680F856ECD96}.Debug|Any CPU.Build.0 = Debug|Any CPU
		{432F3167-405F-41AA-AEA5-680F856ECD96}.Release|Any CPU.ActiveCfg = Release|Any CPU
		{432F3167-405F-41AA-AEA5-680F856ECD96}.Release|Any CPU.Build.0 = Release|Any CPU
		{B6A04160-C38F-42DC-8E1E-EC48AA92B19D}.Debug|Any CPU.ActiveCfg = Debug|Any CPU
		{B6A04160-C38F-42DC-8E1E-EC48AA92B19D}.Debug|Any CPU.Build.0 = Debug|Any CPU
		{B6A04160-C38F-42DC-8E1E-EC48AA92B19D}.Release|Any CPU.ActiveCfg = Release|Any CPU
		{B6A04160-C38F-42DC-8E1E-EC48AA92B19D}.Release|Any CPU.Build.0 = Release|Any CPU
	EndGlobalSection
	GlobalSection(SolutionProperties) = preSolution
		HideSolutionNode = FALSE
	EndGlobalSection
	GlobalSection(ExtensibilityGlobals) = postSolution
		SolutionGuid = {443538F1-EA5A-41DF-AAFD-60AE3721922C}
	EndGlobalSection
EndGlobal
